
Microsoft Visual Studio Solution File, Format Version 12.00
# Visual Studio Version 17
VisualStudioVersion = 17.4.33213.308
MinimumVisualStudioVersion = 10.0.40219.1
Project("{FAE04EC0-301F-11D3-BF4B-00C04F79EFBC}") = "AsyncAwaitWPFPractice", "AsyncAwaitWPFPractice.csproj", "{96315E42-7070-4B0B-A025-46037D9FC432}"
EndProject
Global
	GlobalSection(SolutionConfigurationPlatforms) = preSolution
		Debug|Any CPU = Debug|Any CPU
		Release|Any CPU = Release|Any CPU
	EndGlobalSection
	GlobalSection(ProjectConfigurationPlatforms) = postSolution
		{96315E42-7070-4B0B-A025-46037D9FC432}.Debug|Any CPU.ActiveCfg = Debug|Any CPU
		{96315E42-7070-4B0B-A025-46037D9FC432}.Debug|Any CPU.Build.0 = Debug|Any CPU
		{96315E42-7070-4B0B-A025-46037D9FC432}.Release|Any CPU.ActiveCfg = Release|Any CPU
		{96315E42-7070-4B0B-A025-46037D9FC432}.Release|Any CPU.Build.0 = Release|Any CPU
	EndGlobalSection
	GlobalSection(SolutionProperties) = preSolution
		HideSolutionNode = FALSE
	EndGlobalSection
	GlobalSection(ExtensibilityGlobals) = postSolution
		SolutionGuid = {6495AB26-3DFA-4878-99B0-6444BD9AC2FF}
	EndGlobalSection
EndGlobal
